
Microsoft Visual Studio Solution File, Format Version 12.00
# Visual Studio Version 16
VisualStudioVersion = 16.0.30804.86
MinimumVisualStudioVersion = 10.0.40219.1
Project("{9A19103F-16F7-4668-BE54-9A1E7A4F7556}") = "VocabularyTrainer", "VocabularyTrainer\VocabularyTrainer\VocabularyTrainer.csproj", "{81526E37-C8EF-41B6-8DAB-415DCF77FF1B}"
EndProject
Project("{FAE04EC0-301F-11D3-BF4B-00C04F79EFBC}") = "VocabularyTrainer.Android", "VocabularyTrainer\VocabularyTrainer.Android\VocabularyTrainer.Android.csproj", "{3675B89C-BEBC-4405-A8ED-EAFBB3C4FEAE}"
EndProject
Project("{FAE04EC0-301F-11D3-BF4B-00C04F79EFBC}") = "VocabularyTrainer.iOS", "VocabularyTrainer\VocabularyTrainer.iOS\VocabularyTrainer.iOS.csproj", "{3C68AA35-48CE-418C-B9E8-B5FB8D5FBFB9}"
EndProject
Project("{FAE04EC0-301F-11D3-BF4B-00C04F79EFBC}") = "VocabularyTrainer.UWP", "VocabularyTrainer\VocabularyTrainer.UWP\VocabularyTrainer.UWP.csproj", "{3EDC9E7D-4776-4FC1-A4BD-3BFC1F69ADCB}"
EndProject
Project("{2150E333-8FDC-42A3-9474-1A3956D46DE8}") = "Modules", "Modules", "{87A86200-7ED0-44D8-BA29-96007BB00943}"
EndProject
Project("{9A19103F-16F7-4668-BE54-9A1E7A4F7556}") = "SharedModule", "SharedModule\SharedModule.csproj", "{6CEEFFD5-54D7-44AD-98D9-5C28041CD74D}"
EndProject
Project("{9A19103F-16F7-4668-BE54-9A1E7A4F7556}") = "SQLiteModule", "SQLiteModule\SQLiteModule.csproj", "{E7DA0BC6-606B-44A4-92B2-FD15A35FC01A}"
EndProject
Project("{2150E333-8FDC-42A3-9474-1A3956D46DE8}") = "NetStandard", "NetStandard", "{48D1A25F-CCAE-4082-82B2-2190118A4C2B}"
EndProject
Project("{FAE04EC0-301F-11D3-BF4B-00C04F79EFBC}") = "DaoBaseLibrary", "DaoBaseLibrary\DaoBaseLibrary.csproj", "{605B264D-40C8-4B1C-965F-F821E2959C62}"
EndProject
Global
	GlobalSection(SolutionConfigurationPlatforms) = preSolution
		Ad-Hoc|Any CPU = Ad-Hoc|Any CPU
		Ad-Hoc|ARM = Ad-Hoc|ARM
		Ad-Hoc|iPhone = Ad-Hoc|iPhone
		Ad-Hoc|iPhoneSimulator = Ad-Hoc|iPhoneSimulator
		Ad-Hoc|x64 = Ad-Hoc|x64
		Ad-Hoc|x86 = Ad-Hoc|x86
		AppStore|Any CPU = AppStore|Any CPU
		AppStore|ARM = AppStore|ARM
		AppStore|iPhone = AppStore|iPhone
		AppStore|iPhoneSimulator = AppStore|iPhoneSimulator
		AppStore|x64 = AppStore|x64
		AppStore|x86 = AppStore|x86
		Debug|Any CPU = Debug|Any CPU
		Debug|ARM = Debug|ARM
		Debug|iPhone = Debug|iPhone
		Debug|iPhoneSimulator = Debug|iPhoneSimulator
		Debug|x64 = Debug|x64
		Debug|x86 = Debug|x86
		Release|Any CPU = Release|Any CPU
		Release|ARM = Release|ARM
		Release|iPhone = Release|iPhone
		Release|iPhoneSimulator = Release|iPhoneSimulator
		Release|x64 = Release|x64
		Release|x86 = Release|x86
	EndGlobalSection
	GlobalSection(ProjectConfigurationPlatforms) = postSolution
		{81526E37-C8EF-41B6-8DAB-415DCF77FF1B}.Ad-Hoc|Any CPU.ActiveCfg = Debug|Any CPU
		{81526E37-C8EF-41B6-8DAB-415DCF77FF1B}.Ad-Hoc|Any CPU.Build.0 = Debug|Any CPU
		{81526E37-C8EF-41B6-8DAB-415DCF77FF1B}.Ad-Hoc|ARM.ActiveCfg = Debug|Any CPU
		{81526E37-C8EF-41B6-8DAB-415DCF77FF1B}.Ad-Hoc|ARM.Build.0 = Debug|Any CPU
		{81526E37-C8EF-41B6-8DAB-415DCF77FF1B}.Ad-Hoc|iPhone.ActiveCfg = Debug|Any CPU
		{81526E37-C8EF-41B6-8DAB-415DCF77FF1B}.Ad-Hoc|iPhone.Build.0 = Debug|Any CPU
		{81526E37-C8EF-41B6-8DAB-415DCF77FF1B}.Ad-Hoc|iPhoneSimulator.ActiveCfg = Debug|Any CPU
		{81526E37-C8EF-41B6-8DAB-415DCF77FF1B}.Ad-Hoc|iPhoneSimulator.Build.0 = Debug|Any CPU
		{81526E37-C8EF-41B6-8DAB-415DCF77FF1B}.Ad-Hoc|x64.ActiveCfg = Debug|Any CPU
		{81526E37-C8EF-41B6-8DAB-415DCF77FF1B}.Ad-Hoc|x64.Build.0 = Debug|Any CPU
		{81526E37-C8EF-41B6-8DAB-415DCF77FF1B}.Ad-Hoc|x86.ActiveCfg = Debug|Any CPU
		{81526E37-C8EF-41B6-8DAB-415DCF77FF1B}.Ad-Hoc|x86.Build.0 = Debug|Any CPU
		{81526E37-C8EF-41B6-8DAB-415DCF77FF1B}.AppStore|Any CPU.ActiveCfg = Debug|Any CPU
		{81526E37-C8EF-41B6-8DAB-415DCF77FF1B}.AppStore|Any CPU.Build.0 = Debug|Any CPU
		{81526E37-C8EF-41B6-8DAB-415DCF77FF1B}.AppStore|ARM.ActiveCfg = Debug|Any CPU
		{81526E37-C8EF-41B6-8DAB-415DCF77FF1B}.AppStore|ARM.Build.0 = Debug|Any CPU
		{81526E37-C8EF-41B6-8DAB-415DCF77FF1B}.AppStore|iPhone.ActiveCfg = Debug|Any CPU
		{81526E37-C8EF-41B6-8DAB-415DCF77FF1B}.AppStore|iPhone.Build.0 = Debug|Any CPU
		{81526E37-C8EF-41B6-8DAB-415DCF77FF1B}.AppStore|iPhoneSimulator.ActiveCfg = Debug|Any CPU
		{81526E37-C8EF-41B6-8DAB-415DCF77FF1B}.AppStore|iPhoneSimulator.Build.0 = Debug|Any CPU
		{81526E37-C8EF-41B6-8DAB-415DCF77FF1B}.AppStore|x64.ActiveCfg = Debug|Any CPU
		{81526E37-C8EF-41B6-8DAB-415DCF77FF1B}.AppStore|x64.Build.0 = Debug|Any CPU
		{81526E37-C8EF-41B6-8DAB-415DCF77FF1B}.AppStore|x86.ActiveCfg = Debug|Any CPU
		{81526E37-C8EF-41B6-8DAB-415DCF77FF1B}.AppStore|x86.Build.0 = Debug|Any CPU
		{81526E37-C8EF-41B6-8DAB-415DCF77FF1B}.Debug|Any CPU.ActiveCfg = Debug|Any CPU
		{81526E37-C8EF-41B6-8DAB-415DCF77FF1B}.Debug|Any CPU.Build.0 = Debug|Any CPU
		{81526E37-C8EF-41B6-8DAB-415DCF77FF1B}.Debug|ARM.ActiveCfg = Debug|Any CPU
		{81526E37-C8EF-41B6-8DAB-415DCF77FF1B}.Debug|ARM.Build.0 = Debug|Any CPU
		{81526E37-C8EF-41B6-8DAB-415DCF77FF1B}.Debug|iPhone.ActiveCfg = Debug|Any CPU
		{81526E37-C8EF-41B6-8DAB-415DCF77FF1B}.Debug|iPhone.Build.0 = Debug|Any CPU
		{81526E37-C8EF-41B6-8DAB-415DCF77FF1B}.Debug|iPhoneSimulator.ActiveCfg = Debug|Any CPU
		{81526E37-C8EF-41B6-8DAB-415DCF77FF1B}.Debug|iPhoneSimulator.Build.0 = Debug|Any CPU
		{81526E37-C8EF-41B6-8DAB-415DCF77FF1B}.Debug|x64.ActiveCfg = Debug|Any CPU
		{81526E37-C8EF-41B6-8DAB-415DCF77FF1B}.Debug|x64.Build.0 = Debug|Any CPU
		{81526E37-C8EF-41B6-8DAB-415DCF77FF1B}.Debug|x86.ActiveCfg = Debug|Any CPU
		{81526E37-C8EF-41B6-8DAB-415DCF77FF1B}.Debug|x86.Build.0 = Debug|Any CPU
		{81526E37-C8EF-41B6-8DAB-415DCF77FF1B}.Release|Any CPU.ActiveCfg = Release|Any CPU
		{81526E37-C8EF-41B6-8DAB-415DCF77FF1B}.Release|Any CPU.Build.0 = Release|Any CPU
		{81526E37-C8EF-41B6-8DAB-415DCF77FF1B}.Release|ARM.ActiveCfg = Release|Any CPU
		{81526E37-C8EF-41B6-8DAB-415DCF77FF1B}.Release|ARM.Build.0 = Release|Any CPU
		{81526E37-C8EF-41B6-8DAB-415DCF77FF1B}.Release|iPhone.ActiveCfg = Release|Any CPU
		{81526E37-C8EF-41B6-8DAB-415DCF77FF1B}.Release|iPhone.Build.0 = Release|Any CPU
		{81526E37-C8EF-41B6-8DAB-415DCF77FF1B}.Release|iPhoneSimulator.ActiveCfg = Release|Any CPU
		{81526E37-C8EF-41B6-8DAB-415DCF77FF1B}.Release|iPhoneSimulator.Build.0 = Release|Any CPU
		{81526E37-C8EF-41B6-8DAB-415DCF77FF1B}.Release|x64.ActiveCfg = Release|Any CPU
		{81526E37-C8EF-41B6-8DAB-415DCF77FF1B}.Release|x64.Build.0 = Release|Any CPU
		{81526E37-C8EF-41B6-8DAB-415DCF77FF1B}.Release|x86.ActiveCfg = Release|Any CPU
		{81526E37-C8EF-41B6-8DAB-415DCF77FF1B}.Release|x86.Build.0 = Release|Any CPU
		{3675B89C-BEBC-4405-A8ED-EAFBB3C4FEAE}.Ad-Hoc|Any CPU.ActiveCfg = Debug|Any CPU
		{3675B89C-BEBC-4405-A8ED-EAFBB3C4FEAE}.Ad-Hoc|Any CPU.Build.0 = Debug|Any CPU
		{3675B89C-BEBC-4405-A8ED-EAFBB3C4FEAE}.Ad-Hoc|Any CPU.Deploy.0 = Debug|Any CPU
		{3675B89C-BEBC-4405-A8ED-EAFBB3C4FEAE}.Ad-Hoc|ARM.ActiveCfg = Debug|Any CPU
		{3675B89C-BEBC-4405-A8ED-EAFBB3C4FEAE}.Ad-Hoc|ARM.Build.0 = Debug|Any CPU
		{3675B89C-BEBC-4405-A8ED-EAFBB3C4FEAE}.Ad-Hoc|ARM.Deploy.0 = Debug|Any CPU
		{3675B89C-BEBC-4405-A8ED-EAFBB3C4FEAE}.Ad-Hoc|iPhone.ActiveCfg = Debug|Any CPU
		{3675B89C-BEBC-4405-A8ED-EAFBB3C4FEAE}.Ad-Hoc|iPhone.Build.0 = Debug|Any CPU
		{3675B89C-BEBC-4405-A8ED-EAFBB3C4FEAE}.Ad-Hoc|iPhone.Deploy.0 = Debug|Any CPU
		{3675B89C-BEBC-4405-A8ED-EAFBB3C4FEAE}.Ad-Hoc|iPhoneSimulator.ActiveCfg = Debug|Any CPU
		{3675B89C-BEBC-4405-A8ED-EAFBB3C4FEAE}.Ad-Hoc|iPhoneSimulator.Build.0 = Debug|Any CPU
		{3675B89C-BEBC-4405-A8ED-EAFBB3C4FEAE}.Ad-Hoc|iPhoneSimulator.Deploy.0 = Debug|Any CPU
		{3675B89C-BEBC-4405-A8ED-EAFBB3C4FEAE}.Ad-Hoc|x64.ActiveCfg = Debug|Any CPU
		{3675B89C-BEBC-4405-A8ED-EAFBB3C4FEAE}.Ad-Hoc|x64.Build.0 = Debug|Any CPU
		{3675B89C-BEBC-4405-A8ED-EAFBB3C4FEAE}.Ad-Hoc|x64.Deploy.0 = Debug|Any CPU
		{3675B89C-BEBC-4405-A8ED-EAFBB3C4FEAE}.Ad-Hoc|x86.ActiveCfg = Debug|Any CPU
		{3675B89C-BEBC-4405-A8ED-EAFBB3C4FEAE}.Ad-Hoc|x86.Build.0 = Debug|Any CPU
		{3675B89C-BEBC-4405-A8ED-EAFBB3C4FEAE}.Ad-Hoc|x86.Deploy.0 = Debug|Any CPU
		{3675B89C-BEBC-4405-A8ED-EAFBB3C4FEAE}.AppStore|Any CPU.ActiveCfg = Debug|Any CPU
		{3675B89C-BEBC-4405-A8ED-EAFBB3C4FEAE}.AppStore|Any CPU.Build.0 = Debug|Any CPU
		{3675B89C-BEBC-4405-A8ED-EAFBB3C4FEAE}.AppStore|Any CPU.Deploy.0 = Debug|Any CPU
		{3675B89C-BEBC-4405-A8ED-EAFBB3C4FEAE}.AppStore|ARM.ActiveCfg = Debug|Any CPU
		{3675B89C-BEBC-4405-A8ED-EAFBB3C4FEAE}.AppStore|ARM.Build.0 = Debug|Any CPU
		{3675B89C-BEBC-4405-A8ED-EAFBB3C4FEAE}.AppStore|ARM.Deploy.0 = Debug|Any CPU
		{3675B89C-BEBC-4405-A8ED-EAFBB3C4FEAE}.AppStore|iPhone.ActiveCfg = Debug|Any CPU
		{3675B89C-BEBC-4405-A8ED-EAFBB3C4FEAE}.AppStore|iPhone.Build.0 = Debug|Any CPU
		{3675B89C-BEBC-4405-A8ED-EAFBB3C4FEAE}.AppStore|iPhone.Deploy.0 = Debug|Any CPU
		{3675B89C-BEBC-4405-A8ED-EAFBB3C4FEAE}.AppStore|iPhoneSimulator.ActiveCfg = Debug|Any CPU
		{3675B89C-BEBC-4405-A8ED-EAFBB3C4FEAE}.AppStore|iPhoneSimulator.Build.0 = Debug|Any CPU
		{3675B89C-BEBC-4405-A8ED-EAFBB3C4FEAE}.AppStore|iPhoneSimulator.Deploy.0 = Debug|Any CPU
		{3675B89C-BEBC-4405-A8ED-EAFBB3C4FEAE}.AppStore|x64.ActiveCfg = Debug|Any CPU
		{3675B89C-BEBC-4405-A8ED-EAFBB3C4FEAE}.AppStore|x64.Build.0 = Debug|Any CPU
		{3675B89C-BEBC-4405-A8ED-EAFBB3C4FEAE}.AppStore|x64.Deploy.0 = Debug|Any CPU
		{3675B89C-BEBC-4405-A8ED-EAFBB3C4FEAE}.AppStore|x86.ActiveCfg = Debug|Any CPU
		{3675B89C-BEBC-4405-A8ED-EAFBB3C4FEAE}.AppStore|x86.Build.0 = Debug|Any CPU
		{3675B89C-BEBC-4405-A8ED-EAFBB3C4FEAE}.AppStore|x86.Deploy.0 = Debug|Any CPU
		{3675B89C-BEBC-4405-A8ED-EAFBB3C4FEAE}.Debug|Any CPU.ActiveCfg = Debug|Any CPU
		{3675B89C-BEBC-4405-A8ED-EAFBB3C4FEAE}.Debug|Any CPU.Build.0 = Debug|Any CPU
		{3675B89C-BEBC-4405-A8ED-EAFBB3C4FEAE}.Debug|Any CPU.Deploy.0 = Debug|Any CPU
		{3675B89C-BEBC-4405-A8ED-EAFBB3C4FEAE}.Debug|ARM.ActiveCfg = Debug|Any CPU
		{3675B89C-BEBC-4405-A8ED-EAFBB3C4FEAE}.Debug|ARM.Build.0 = Debug|Any CPU
		{3675B89C-BEBC-4405-A8ED-EAFBB3C4FEAE}.Debug|ARM.Deploy.0 = Debug|Any CPU
		{3675B89C-BEBC-4405-A8ED-EAFBB3C4FEAE}.Debug|iPhone.ActiveCfg = Debug|Any CPU
		{3675B89C-BEBC-4405-A8ED-EAFBB3C4FEAE}.Debug|iPhone.Build.0 = Debug|Any CPU
		{3675B89C-BEBC-4405-A8ED-EAFBB3C4FEAE}.Debug|iPhone.Deploy.0 = Debug|Any CPU
		{3675B89C-BEBC-4405-A8ED-EAFBB3C4FEAE}.Debug|iPhoneSimulator.ActiveCfg = Debug|Any CPU
		{3675B89C-BEBC-4405-A8ED-EAFBB3C4FEAE}.Debug|iPhoneSimulator.Build.0 = Debug|Any CPU
		{3675B89C-BEBC-4405-A8ED-EAFBB3C4FEAE}.Debug|iPhoneSimulator.Deploy.0 = Debug|Any CPU
		{3675B89C-BEBC-4405-A8ED-EAFBB3C4FEAE}.Debug|x64.ActiveCfg = Debug|Any CPU
		{3675B89C-BEBC-4405-A8ED-EAFBB3C4FEAE}.Debug|x64.Build.0 = Debug|Any CPU
		{3675B89C-BEBC-4405-A8ED-EAFBB3C4FEAE}.Debug|x64.Deploy.0 = Debug|Any CPU
		{3675B89C-BEBC-4405-A8ED-EAFBB3C4FEAE}.Debug|x86.ActiveCfg = Debug|Any CPU
		{3675B89C-BEBC-4405-A8ED-EAFBB3C4FEAE}.Debug|x86.Build.0 = Debug|Any CPU
		{3675B89C-BEBC-4405-A8ED-EAFBB3C4FEAE}.Debug|x86.Deploy.0 = Debug|Any CPU
		{3675B89C-BEBC-4405-A8ED-EAFBB3C4FEAE}.Release|Any CPU.ActiveCfg = Release|Any CPU
		{3675B89C-BEBC-4405-A8ED-EAFBB3C4FEAE}.Release|Any CPU.Build.0 = Release|Any CPU
		{3675B89C-BEBC-4405-A8ED-EAFBB3C4FEAE}.Release|Any CPU.Deploy.0 = Release|Any CPU
		{3675B89C-BEBC-4405-A8ED-EAFBB3C4FEAE}.Release|ARM.ActiveCfg = Release|Any CPU
		{3675B89C-BEBC-4405-A8ED-EAFBB3C4FEAE}.Release|ARM.Build.0 = Release|Any CPU
		{3675B89C-BEBC-4405-A8ED-EAFBB3C4FEAE}.Release|ARM.Deploy.0 = Release|Any CPU
		{3675B89C-BEBC-4405-A8ED-EAFBB3C4FEAE}.Release|iPhone.ActiveCfg = Release|Any CPU
		{3675B89C-BEBC-4405-A8ED-EAFBB3C4FEAE}.Release|iPhone.Build.0 = Release|Any CPU
		{3675B89C-BEBC-4405-A8ED-EAFBB3C4FEAE}.Release|iPhone.Deploy.0 = Release|Any CPU
		{3675B89C-BEBC-4405-A8ED-EAFBB3C4FEAE}.Release|iPhoneSimulator.ActiveCfg = Release|Any CPU
		{3675B89C-BEBC-4405-A8ED-EAFBB3C4FEAE}.Release|iPhoneSimulator.Build.0 = Release|Any CPU
		{3675B89C-BEBC-4405-A8ED-EAFBB3C4FEAE}.Release|iPhoneSimulator.Deploy.0 = Release|Any CPU
		{3675B89C-BEBC-4405-A8ED-EAFBB3C4FEAE}.Release|x64.ActiveCfg = Release|Any CPU
		{3675B89C-BEBC-4405-A8ED-EAFBB3C4FEAE}.Release|x64.Build.0 = Release|Any CPU
		{3675B89C-BEBC-4405-A8ED-EAFBB3C4FEAE}.Release|x64.Deploy.0 = Release|Any CPU
		{3675B89C-BEBC-4405-A8ED-EAFBB3C4FEAE}.Release|x86.ActiveCfg = Release|Any CPU
		{3675B89C-BEBC-4405-A8ED-EAFBB3C4FEAE}.Release|x86.Build.0 = Release|Any CPU
		{3675B89C-BEBC-4405-A8ED-EAFBB3C4FEAE}.Release|x86.Deploy.0 = Release|Any CPU
		{3C68AA35-48CE-418C-B9E8-B5FB8D5FBFB9}.Ad-Hoc|Any CPU.ActiveCfg = Ad-Hoc|iPhoneSimulator
		{3C68AA35-48CE-418C-B9E8-B5FB8D5FBFB9}.Ad-Hoc|ARM.ActiveCfg = Ad-Hoc|iPhoneSimulator
		{3C68AA35-48CE-418C-B9E8-B5FB8D5FBFB9}.Ad-Hoc|iPhone.ActiveCfg = Ad-Hoc|iPhone
		{3C68AA35-48CE-418C-B9E8-B5FB8D5FBFB9}.Ad-Hoc|iPhone.Build.0 = Ad-Hoc|iPhone
		{3C68AA35-48CE-418C-B9E8-B5FB8D5FBFB9}.Ad-Hoc|iPhoneSimulator.ActiveCfg = Ad-Hoc|iPhoneSimulator
		{3C68AA35-48CE-418C-B9E8-B5FB8D5FBFB9}.Ad-Hoc|iPhoneSimulator.Build.0 = Ad-Hoc|iPhoneSimulator
		{3C68AA35-48CE-418C-B9E8-B5FB8D5FBFB9}.Ad-Hoc|x64.ActiveCfg = Ad-Hoc|iPhoneSimulator
		{3C68AA35-48CE-418C-B9E8-B5FB8D5FBFB9}.Ad-Hoc|x86.ActiveCfg = Ad-Hoc|iPhoneSimulator
		{3C68AA35-48CE-418C-B9E8-B5FB8D5FBFB9}.AppStore|Any CPU.ActiveCfg = AppStore|iPhoneSimulator
		{3C68AA35-48CE-418C-B9E8-B5FB8D5FBFB9}.AppStore|ARM.ActiveCfg = AppStore|iPhoneSimulator
		{3C68AA35-48CE-418C-B9E8-B5FB8D5FBFB9}.AppStore|iPhone.ActiveCfg = AppStore|iPhone
		{3C68AA35-48CE-418C-B9E8-B5FB8D5FBFB9}.AppStore|iPhone.Build.0 = AppStore|iPhone
		{3C68AA35-48CE-418C-B9E8-B5FB8D5FBFB9}.AppStore|iPhoneSimulator.ActiveCfg = AppStore|iPhoneSimulator
		{3C68AA35-48CE-418C-B9E8-B5FB8D5FBFB9}.AppStore|iPhoneSimulator.Build.0 = AppStore|iPhoneSimulator
		{3C68AA35-48CE-418C-B9E8-B5FB8D5FBFB9}.AppStore|x64.ActiveCfg = AppStore|iPhoneSimulator
		{3C68AA35-48CE-418C-B9E8-B5FB8D5FBFB9}.AppStore|x86.ActiveCfg = AppStore|iPhoneSimulator
		{3C68AA35-48CE-418C-B9E8-B5FB8D5FBFB9}.Debug|Any CPU.ActiveCfg = Debug|iPhoneSimulator
		{3C68AA35-48CE-418C-B9E8-B5FB8D5FBFB9}.Debug|ARM.ActiveCfg = Debug|iPhoneSimulator
		{3C68AA35-48CE-418C-B9E8-B5FB8D5FBFB9}.Debug|iPhone.ActiveCfg = Debug|iPhone
		{3C68AA35-48CE-418C-B9E8-B5FB8D5FBFB9}.Debug|iPhone.Build.0 = Debug|iPhone
		{3C68AA35-48CE-418C-B9E8-B5FB8D5FBFB9}.Debug|iPhoneSimulator.ActiveCfg = Debug|iPhoneSimulator
		{3C68AA35-48CE-418C-B9E8-B5FB8D5FBFB9}.Debug|iPhoneSimulator.Build.0 = Debug|iPhoneSimulator
		{3C68AA35-48CE-418C-B9E8-B5FB8D5FBFB9}.Debug|x64.ActiveCfg = Debug|iPhoneSimulator
		{3C68AA35-48CE-418C-B9E8-B5FB8D5FBFB9}.Debug|x86.ActiveCfg = Debug|iPhoneSimulator
		{3C68AA35-48CE-418C-B9E8-B5FB8D5FBFB9}.Release|Any CPU.ActiveCfg = Release|iPhoneSimulator
		{3C68AA35-48CE-418C-B9E8-B5FB8D5FBFB9}.Release|ARM.ActiveCfg = Release|iPhoneSimulator
		{3C68AA35-48CE-418C-B9E8-B5FB8D5FBFB9}.Release|iPhone.ActiveCfg = Release|iPhone
		{3C68AA35-48CE-418C-B9E8-B5FB8D5FBFB9}.Release|iPhone.Build.0 = Release|iPhone
		{3C68AA35-48CE-418C-B9E8-B5FB8D5FBFB9}.Release|iPhoneSimulator.ActiveCfg = Release|iPhoneSimulator
		{3C68AA35-48CE-418C-B9E8-B5FB8D5FBFB9}.Release|iPhoneSimulator.Build.0 = Release|iPhoneSimulator
		{3C68AA35-48CE-418C-B9E8-B5FB8D5FBFB9}.Release|x64.ActiveCfg = Release|iPhoneSimulator
		{3C68AA35-48CE-418C-B9E8-B5FB8D5FBFB9}.Release|x86.ActiveCfg = Release|iPhoneSimulator
		{3EDC9E7D-4776-4FC1-A4BD-3BFC1F69ADCB}.Ad-Hoc|Any CPU.ActiveCfg = Debug|ARM
		{3EDC9E7D-4776-4FC1-A4BD-3BFC1F69ADCB}.Ad-Hoc|Any CPU.Build.0 = Debug|ARM
		{3EDC9E7D-4776-4FC1-A4BD-3BFC1F69ADCB}.Ad-Hoc|Any CPU.Deploy.0 = Debug|ARM
		{3EDC9E7D-4776-4FC1-A4BD-3BFC1F69ADCB}.Ad-Hoc|ARM.ActiveCfg = Debug|ARM
		{3EDC9E7D-4776-4FC1-A4BD-3BFC1F69ADCB}.Ad-Hoc|ARM.Build.0 = Debug|ARM
		{3EDC9E7D-4776-4FC1-A4BD-3BFC1F69ADCB}.Ad-Hoc|ARM.Deploy.0 = Debug|ARM
		{3EDC9E7D-4776-4FC1-A4BD-3BFC1F69ADCB}.Ad-Hoc|iPhone.ActiveCfg = Debug|ARM
		{3EDC9E7D-4776-4FC1-A4BD-3BFC1F69ADCB}.Ad-Hoc|iPhone.Build.0 = Debug|ARM
		{3EDC9E7D-4776-4FC1-A4BD-3BFC1F69ADCB}.Ad-Hoc|iPhone.Deploy.0 = Debug|ARM
		{3EDC9E7D-4776-4FC1-A4BD-3BFC1F69ADCB}.Ad-Hoc|iPhoneSimulator.ActiveCfg = Debug|ARM
		{3EDC9E7D-4776-4FC1-A4BD-3BFC1F69ADCB}.Ad-Hoc|iPhoneSimulator.Build.0 = Debug|ARM
		{3EDC9E7D-4776-4FC1-A4BD-3BFC1F69ADCB}.Ad-Hoc|iPhoneSimulator.Deploy.0 = Debug|ARM
		{3EDC9E7D-4776-4FC1-A4BD-3BFC1F69ADCB}.Ad-Hoc|x64.ActiveCfg = Debug|x64
		{3EDC9E7D-4776-4FC1-A4BD-3BFC1F69ADCB}.Ad-Hoc|x64.Build.0 = Debug|x64
		{3EDC9E7D-4776-4FC1-A4BD-3BFC1F69ADCB}.Ad-Hoc|x64.Deploy.0 = Debug|x64
		{3EDC9E7D-4776-4FC1-A4BD-3BFC1F69ADCB}.Ad-Hoc|x86.ActiveCfg = Debug|x86
		{3EDC9E7D-4776-4FC1-A4BD-3BFC1F69ADCB}.Ad-Hoc|x86.Build.0 = Debug|x86
		{3EDC9E7D-4776-4FC1-A4BD-3BFC1F69ADCB}.Ad-Hoc|x86.Deploy.0 = Debug|x86
		{3EDC9E7D-4776-4FC1-A4BD-3BFC1F69ADCB}.AppStore|Any CPU.ActiveCfg = Debug|ARM
		{3EDC9E7D-4776-4FC1-A4BD-3BFC1F69ADCB}.AppStore|Any CPU.Build.0 = Debug|ARM
		{3EDC9E7D-4776-4FC1-A4BD-3BFC1F69ADCB}.AppStore|Any CPU.Deploy.0 = Debug|ARM
		{3EDC9E7D-4776-4FC1-A4BD-3BFC1F69ADCB}.AppStore|ARM.ActiveCfg = Debug|ARM
		{3EDC9E7D-4776-4FC1-A4BD-3BFC1F69ADCB}.AppStore|ARM.Build.0 = Debug|ARM
		{3EDC9E7D-4776-4FC1-A4BD-3BFC1F69ADCB}.AppStore|ARM.Deploy.0 = Debug|ARM
		{3EDC9E7D-4776-4FC1-A4BD-3BFC1F69ADCB}.AppStore|iPhone.ActiveCfg = Debug|ARM
		{3EDC9E7D-4776-4FC1-A4BD-3BFC1F69ADCB}.AppStore|iPhone.Build.0 = Debug|ARM
		{3EDC9E7D-4776-4FC1-A4BD-3BFC1F69ADCB}.AppStore|iPhone.Deploy.0 = Debug|ARM
		{3EDC9E7D-4776-4FC1-A4BD-3BFC1F69ADCB}.AppStore|iPhoneSimulator.ActiveCfg = Debug|ARM
		{3EDC9E7D-4776-4FC1-A4BD-3BFC1F69ADCB}.AppStore|iPhoneSimulator.Build.0 = Debug|ARM
		{3EDC9E7D-4776-4FC1-A4BD-3BFC1F69ADCB}.AppStore|iPhoneSimulator.Deploy.0 = Debug|ARM
		{3EDC9E7D-4776-4FC1-A4BD-3BFC1F69ADCB}.AppStore|x64.ActiveCfg = Debug|x64
		{3EDC9E7D-4776-4FC1-A4BD-3BFC1F69ADCB}.AppStore|x64.Build.0 = Debug|x64
		{3EDC9E7D-4776-4FC1-A4BD-3BFC1F69ADCB}.AppStore|x64.Deploy.0 = Debug|x64
		{3EDC9E7D-4776-4FC1-A4BD-3BFC1F69ADCB}.AppStore|x86.ActiveCfg = Debug|x86
		{3EDC9E7D-4776-4FC1-A4BD-3BFC1F69ADCB}.AppStore|x86.Build.0 = Debug|x86
		{3EDC9E7D-4776-4FC1-A4BD-3BFC1F69ADCB}.AppStore|x86.Deploy.0 = Debug|x86
		{3EDC9E7D-4776-4FC1-A4BD-3BFC1F69ADCB}.Debug|Any CPU.ActiveCfg = Debug|x86
		{3EDC9E7D-4776-4FC1-A4BD-3BFC1F69ADCB}.Debug|ARM.ActiveCfg = Debug|ARM
		{3EDC9E7D-4776-4FC1-A4BD-3BFC1F69ADCB}.Debug|ARM.Build.0 = Debug|ARM
		{3EDC9E7D-4776-4FC1-A4BD-3BFC1F69ADCB}.Debug|ARM.Deploy.0 = Debug|ARM
		{3EDC9E7D-4776-4FC1-A4BD-3BFC1F69ADCB}.Debug|iPhone.ActiveCfg = Debug|x86
		{3EDC9E7D-4776-4FC1-A4BD-3BFC1F69ADCB}.Debug|iPhoneSimulator.ActiveCfg = Debug|x86
		{3EDC9E7D-4776-4FC1-A4BD-3BFC1F69ADCB}.Debug|x64.ActiveCfg = Debug|x64
		{3EDC9E7D-4776-4FC1-A4BD-3BFC1F69ADCB}.Debug|x64.Build.0 = Debug|x64
		{3EDC9E7D-4776-4FC1-A4BD-3BFC1F69ADCB}.Debug|x64.Deploy.0 = Debug|x64
		{3EDC9E7D-4776-4FC1-A4BD-3BFC1F69ADCB}.Debug|x86.ActiveCfg = Debug|x86
		{3EDC9E7D-4776-4FC1-A4BD-3BFC1F69ADCB}.Debug|x86.Build.0 = Debug|x86
		{3EDC9E7D-4776-4FC1-A4BD-3BFC1F69ADCB}.Debug|x86.Deploy.0 = Debug|x86
		{3EDC9E7D-4776-4FC1-A4BD-3BFC1F69ADCB}.Release|Any CPU.ActiveCfg = Release|x86
		{3EDC9E7D-4776-4FC1-A4BD-3BFC1F69ADCB}.Release|ARM.ActiveCfg = Release|ARM
		{3EDC9E7D-4776-4FC1-A4BD-3BFC1F69ADCB}.Release|ARM.Build.0 = Release|ARM
		{3EDC9E7D-4776-4FC1-A4BD-3BFC1F69ADCB}.Release|ARM.Deploy.0 = Release|ARM
		{3EDC9E7D-4776-4FC1-A4BD-3BFC1F69ADCB}.Release|iPhone.ActiveCfg = Release|x86
		{3EDC9E7D-4776-4FC1-A4BD-3BFC1F69ADCB}.Release|iPhoneSimulator.ActiveCfg = Release|x86
		{3EDC9E7D-4776-4FC1-A4BD-3BFC1F69ADCB}.Release|x64.ActiveCfg = Release|x64
		{3EDC9E7D-4776-4FC1-A4BD-3BFC1F69ADCB}.Release|x64.Build.0 = Release|x64
		{3EDC9E7D-4776-4FC1-A4BD-3BFC1F69ADCB}.Release|x64.Deploy.0 = Release|x64
		{3EDC9E7D-4776-4FC1-A4BD-3BFC1F69ADCB}.Release|x86.ActiveCfg = Release|x86
		{3EDC9E7D-4776-4FC1-A4BD-3BFC1F69ADCB}.Release|x86.Build.0 = Release|x86
		{3EDC9E7D-4776-4FC1-A4BD-3BFC1F69ADCB}.Release|x86.Deploy.0 = Release|x86
		{6CEEFFD5-54D7-44AD-98D9-5C28041CD74D}.Ad-Hoc|Any CPU.ActiveCfg = Debug|Any CPU
		{6CEEFFD5-54D7-44AD-98D9-5C28041CD74D}.Ad-Hoc|Any CPU.Build.0 = Debug|Any CPU
		{6CEEFFD5-54D7-44AD-98D9-5C28041CD74D}.Ad-Hoc|ARM.ActiveCfg = Debug|Any CPU
		{6CEEFFD5-54D7-44AD-98D9-5C28041CD74D}.Ad-Hoc|ARM.Build.0 = Debug|Any CPU
		{6CEEFFD5-54D7-44AD-98D9-5C28041CD74D}.Ad-Hoc|iPhone.ActiveCfg = Debug|Any CPU
		{6CEEFFD5-54D7-44AD-98D9-5C28041CD74D}.Ad-Hoc|iPhone.Build.0 = Debug|Any CPU
		{6CEEFFD5-54D7-44AD-98D9-5C28041CD74D}.Ad-Hoc|iPhoneSimulator.ActiveCfg = Debug|Any CPU
		{6CEEFFD5-54D7-44AD-98D9-5C28041CD74D}.Ad-Hoc|iPhoneSimulator.Build.0 = Debug|Any CPU
		{6CEEFFD5-54D7-44AD-98D9-5C28041CD74D}.Ad-Hoc|x64.ActiveCfg = Debug|Any CPU
		{6CEEFFD5-54D7-44AD-98D9-5C28041CD74D}.Ad-Hoc|x64.Build.0 = Debug|Any CPU
		{6CEEFFD5-54D7-44AD-98D9-5C28041CD74D}.Ad-Hoc|x86.ActiveCfg = Debug|Any CPU
		{6CEEFFD5-54D7-44AD-98D9-5C28041CD74D}.Ad-Hoc|x86.Build.0 = Debug|Any CPU
		{6CEEFFD5-54D7-44AD-98D9-5C28041CD74D}.AppStore|Any CPU.ActiveCfg = Debug|Any CPU
		{6CEEFFD5-54D7-44AD-98D9-5C28041CD74D}.AppStore|Any CPU.Build.0 = Debug|Any CPU
		{6CEEFFD5-54D7-44AD-98D9-5C28041CD74D}.AppStore|ARM.ActiveCfg = Debug|Any CPU
		{6CEEFFD5-54D7-44AD-98D9-5C28041CD74D}.AppStore|ARM.Build.0 = Debug|Any CPU
		{6CEEFFD5-54D7-44AD-98D9-5C28041CD74D}.AppStore|iPhone.ActiveCfg = Debug|Any CPU
		{6CEEFFD5-54D7-44AD-98D9-5C28041CD74D}.AppStore|iPhone.Build.0 = Debug|Any CPU
		{6CEEFFD5-54D7-44AD-98D9-5C28041CD74D}.AppStore|iPhoneSimulator.ActiveCfg = Debug|Any CPU
		{6CEEFFD5-54D7-44AD-98D9-5C28041CD74D}.AppStore|iPhoneSimulator.Build.0 = Debug|Any CPU
		{6CEEFFD5-54D7-44AD-98D9-5C28041CD74D}.AppStore|x64.ActiveCfg = Debug|Any CPU
		{6CEEFFD5-54D7-44AD-98D9-5C28041CD74D}.AppStore|x64.Build.0 = Debug|Any CPU
		{6CEEFFD5-54D7-44AD-98D9-5C28041CD74D}.AppStore|x86.ActiveCfg = Debug|Any CPU
		{6CEEFFD5-54D7-44AD-98D9-5C28041CD74D}.AppStore|x86.Build.0 = Debug|Any CPU
		{6CEEFFD5-54D7-44AD-98D9-5C28041CD74D}.Debug|Any CPU.ActiveCfg = Debug|Any CPU
		{6CEEFFD5-54D7-44AD-98D9-5C28041CD74D}.Debug|Any CPU.Build.0 = Debug|Any CPU
		{6CEEFFD5-54D7-44AD-98D9-5C28041CD74D}.Debug|ARM.ActiveCfg = Debug|Any CPU
		{6CEEFFD5-54D7-44AD-98D9-5C28041CD74D}.Debug|ARM.Build.0 = Debug|Any CPU
		{6CEEFFD5-54D7-44AD-98D9-5C28041CD74D}.Debug|iPhone.ActiveCfg = Debug|Any CPU
		{6CEEFFD5-54D7-44AD-98D9-5C28041CD74D}.Debug|iPhone.Build.0 = Debug|Any CPU
		{6CEEFFD5-54D7-44AD-98D9-5C28041CD74D}.Debug|iPhoneSimulator.ActiveCfg = Debug|Any CPU
		{6CEEFFD5-54D7-44AD-98D9-5C28041CD74D}.Debug|iPhoneSimulator.Build.0 = Debug|Any CPU
		{6CEEFFD5-54D7-44AD-98D9-5C28041CD74D}.Debug|x64.ActiveCfg = Debug|Any CPU
		{6CEEFFD5-54D7-44AD-98D9-5C28041CD74D}.Debug|x64.Build.0 = Debug|Any CPU
		{6CEEFFD5-54D7-44AD-98D9-5C28041CD74D}.Debug|x86.ActiveCfg = Debug|Any CPU
		{6CEEFFD5-54D7-44AD-98D9-5C28041CD74D}.Debug|x86.Build.0 = Debug|Any CPU
		{6CEEFFD5-54D7-44AD-98D9-5C28041CD74D}.Release|Any CPU.ActiveCfg = Release|Any CPU
		{6CEEFFD5-54D7-44AD-98D9-5C28041CD74D}.Release|Any CPU.Build.0 = Release|Any CPU
		{6CEEFFD5-54D7-44AD-98D9-5C28041CD74D}.Release|ARM.ActiveCfg = Release|Any CPU
		{6CEEFFD5-54D7-44AD-98D9-5C28041CD74D}.Release|ARM.Build.0 = Release|Any CPU
		{6CEEFFD5-54D7-44AD-98D9-5C28041CD74D}.Release|iPhone.ActiveCfg = Release|Any CPU
		{6CEEFFD5-54D7-44AD-98D9-5C28041CD74D}.Release|iPhone.Build.0 = Release|Any CPU
		{6CEEFFD5-54D7-44AD-98D9-5C28041CD74D}.Release|iPhoneSimulator.ActiveCfg = Release|Any CPU
		{6CEEFFD5-54D7-44AD-98D9-5C28041CD74D}.Release|iPhoneSimulator.Build.0 = Release|Any CPU
		{6CEEFFD5-54D7-44AD-98D9-5C28041CD74D}.Release|x64.ActiveCfg = Release|Any CPU
		{6CEEFFD5-54D7-44AD-98D9-5C28041CD74D}.Release|x64.Build.0 = Release|Any CPU
		{6CEEFFD5-54D7-44AD-98D9-5C28041CD74D}.Release|x86.ActiveCfg = Release|Any CPU
		{6CEEFFD5-54D7-44AD-98D9-5C28041CD74D}.Release|x86.Build.0 = Release|Any CPU
		{E7DA0BC6-606B-44A4-92B2-FD15A35FC01A}.Ad-Hoc|Any CPU.ActiveCfg = Debug|Any CPU
		{E7DA0BC6-606B-44A4-92B2-FD15A35FC01A}.Ad-Hoc|Any CPU.Build.0 = Debug|Any CPU
		{E7DA0BC6-606B-44A4-92B2-FD15A35FC01A}.Ad-Hoc|ARM.ActiveCfg = Debug|Any CPU
		{E7DA0BC6-606B-44A4-92B2-FD15A35FC01A}.Ad-Hoc|ARM.Build.0 = Debug|Any CPU
		{E7DA0BC6-606B-44A4-92B2-FD15A35FC01A}.Ad-Hoc|iPhone.ActiveCfg = Debug|Any CPU
		{E7DA0BC6-606B-44A4-92B2-FD15A35FC01A}.Ad-Hoc|iPhone.Build.0 = Debug|Any CPU
		{E7DA0BC6-606B-44A4-92B2-FD15A35FC01A}.Ad-Hoc|iPhoneSimulator.ActiveCfg = Debug|Any CPU
		{E7DA0BC6-606B-44A4-92B2-FD15A35FC01A}.Ad-Hoc|iPhoneSimulator.Build.0 = Debug|Any CPU
		{E7DA0BC6-606B-44A4-92B2-FD15A35FC01A}.Ad-Hoc|x64.ActiveCfg = Debug|Any CPU
		{E7DA0BC6-606B-44A4-92B2-FD15A35FC01A}.Ad-Hoc|x64.Build.0 = Debug|Any CPU
		{E7DA0BC6-606B-44A4-92B2-FD15A35FC01A}.Ad-Hoc|x86.ActiveCfg = Debug|Any CPU
		{E7DA0BC6-606B-44A4-92B2-FD15A35FC01A}.Ad-Hoc|x86.Build.0 = Debug|Any CPU
		{E7DA0BC6-606B-44A4-92B2-FD15A35FC01A}.AppStore|Any CPU.ActiveCfg = Debug|Any CPU
		{E7DA0BC6-606B-44A4-92B2-FD15A35FC01A}.AppStore|Any CPU.Build.0 = Debug|Any CPU
		{E7DA0BC6-606B-44A4-92B2-FD15A35FC01A}.AppStore|ARM.ActiveCfg = Debug|Any CPU
		{E7DA0BC6-606B-44A4-92B2-FD15A35FC01A}.AppStore|ARM.Build.0 = Debug|Any CPU
		{E7DA0BC6-606B-44A4-92B2-FD15A35FC01A}.AppStore|iPhone.ActiveCfg = Debug|Any CPU
		{E7DA0BC6-606B-44A4-92B2-FD15A35FC01A}.AppStore|iPhone.Build.0 = Debug|Any CPU
		{E7DA0BC6-606B-44A4-92B2-FD15A35FC01A}.AppStore|iPhoneSimulator.ActiveCfg = Debug|Any CPU
		{E7DA0BC6-606B-44A4-92B2-FD15A35FC01A}.AppStore|iPhoneSimulator.Build.0 = Debug|Any CPU
		{E7DA0BC6-606B-44A4-92B2-FD15A35FC01A}.AppStore|x64.ActiveCfg = Debug|Any CPU
		{E7DA0BC6-606B-44A4-92B2-FD15A35FC01A}.AppStore|x64.Build.0 = Debug|Any CPU
		{E7DA0BC6-606B-44A4-92B2-FD15A35FC01A}.AppStore|x86.ActiveCfg = Debug|Any CPU
		{E7DA0BC6-606B-44A4-92B2-FD15A35FC01A}.AppStore|x86.Build.0 = Debug|Any CPU
		{E7DA0BC6-606B-44A4-92B2-FD15A35FC01A}.Debug|Any CPU.ActiveCfg = Debug|Any CPU
		{E7DA0BC6-606B-44A4-92B2-FD15A35FC01A}.Debug|Any CPU.Build.0 = Debug|Any CPU
		{E7DA0BC6-606B-44A4-92B2-FD15A35FC01A}.Debug|ARM.ActiveCfg = Debug|Any CPU
		{E7DA0BC6-606B-44A4-92B2-FD15A35FC01A}.Debug|ARM.Build.0 = Debug|Any CPU
		{E7DA0BC6-606B-44A4-92B2-FD15A35FC01A}.Debug|iPhone.ActiveCfg = Debug|Any CPU
		{E7DA0BC6-606B-44A4-92B2-FD15A35FC01A}.Debug|iPhone.Build.0 = Debug|Any CPU
		{E7DA0BC6-606B-44A4-92B2-FD15A35FC01A}.Debug|iPhoneSimulator.ActiveCfg = Debug|Any CPU
		{E7DA0BC6-606B-44A4-92B2-FD15A35FC01A}.Debug|iPhoneSimulator.Build.0 = Debug|Any CPU
		{E7DA0BC6-606B-44A4-92B2-FD15A35FC01A}.Debug|x64.ActiveCfg = Debug|Any CPU
		{E7DA0BC6-606B-44A4-92B2-FD15A35FC01A}.Debug|x64.Build.0 = Debug|Any CPU
		{E7DA0BC6-606B-44A4-92B2-FD15A35FC01A}.Debug|x86.ActiveCfg = Debug|Any CPU
		{E7DA0BC6-606B-44A4-92B2-FD15A35FC01A}.Debug|x86.Build.0 = Debug|Any CPU
		{E7DA0BC6-606B-44A4-92B2-FD15A35FC01A}.Release|Any CPU.ActiveCfg = Release|Any CPU
		{E7DA0BC6-606B-44A4-92B2-FD15A35FC01A}.Release|Any CPU.Build.0 = Release|Any CPU
		{E7DA0BC6-606B-44A4-92B2-FD15A35FC01A}.Release|ARM.ActiveCfg = Release|Any CPU
		{E7DA0BC6-606B-44A4-92B2-FD15A35FC01A}.Release|ARM.Build.0 = Release|Any CPU
		{E7DA0BC6-606B-44A4-92B2-FD15A35FC01A}.Release|iPhone.ActiveCfg = Release|Any CPU
		{E7DA0BC6-606B-44A4-92B2-FD15A35FC01A}.Release|iPhone.Build.0 = Release|Any CPU
		{E7DA0BC6-606B-44A4-92B2-FD15A35FC01A}.Release|iPhoneSimulator.ActiveCfg = Release|Any CPU
		{E7DA0BC6-606B-44A4-92B2-FD15A35FC01A}.Release|iPhoneSimulator.Build.0 = Release|Any CPU
		{E7DA0BC6-606B-44A4-92B2-FD15A35FC01A}.Release|x64.ActiveCfg = Release|Any CPU
		{E7DA0BC6-606B-44A4-92B2-FD15A35FC01A}.Release|x64.Build.0 = Release|Any CPU
		{E7DA0BC6-606B-44A4-92B2-FD15A35FC01A}.Release|x86.ActiveCfg = Release|Any CPU
		{E7DA0BC6-606B-44A4-92B2-FD15A35FC01A}.Release|x86.Build.0 = Release|Any CPU
		{605B264D-40C8-4B1C-965F-F821E2959C62}.Ad-Hoc|Any CPU.ActiveCfg = Debug|Any CPU
		{605B264D-40C8-4B1C-965F-F821E2959C62}.Ad-Hoc|Any CPU.Build.0 = Debug|Any CPU
		{605B264D-40C8-4B1C-965F-F821E2959C62}.Ad-Hoc|ARM.ActiveCfg = Debug|Any CPU
		{605B264D-40C8-4B1C-965F-F821E2959C62}.Ad-Hoc|ARM.Build.0 = Debug|Any CPU
		{605B264D-40C8-4B1C-965F-F821E2959C62}.Ad-Hoc|iPhone.ActiveCfg = Debug|Any CPU
		{605B264D-40C8-4B1C-965F-F821E2959C62}.Ad-Hoc|iPhone.Build.0 = Debug|Any CPU
		{605B264D-40C8-4B1C-965F-F821E2959C62}.Ad-Hoc|iPhoneSimulator.ActiveCfg = Debug|Any CPU
		{605B264D-40C8-4B1C-965F-F821E2959C62}.Ad-Hoc|iPhoneSimulator.Build.0 = Debug|Any CPU
		{605B264D-40C8-4B1C-965F-F821E2959C62}.Ad-Hoc|x64.ActiveCfg = Debug|Any CPU
		{605B264D-40C8-4B1C-965F-F821E2959C62}.Ad-Hoc|x64.Build.0 = Debug|Any CPU
		{605B264D-40C8-4B1C-965F-F821E2959C62}.Ad-Hoc|x86.ActiveCfg = Debug|Any CPU
		{605B264D-40C8-4B1C-965F-F821E2959C62}.Ad-Hoc|x86.Build.0 = Debug|Any CPU
		{605B264D-40C8-4B1C-965F-F821E2959C62}.AppStore|Any CPU.ActiveCfg = Debug|Any CPU
		{605B264D-40C8-4B1C-965F-F821E2959C62}.AppStore|Any CPU.Build.0 = Debug|Any CPU
		{605B264D-40C8-4B1C-965F-F821E2959C62}.AppStore|ARM.ActiveCfg = Debug|Any CPU
		{605B264D-40C8-4B1C-965F-F821E2959C62}.AppStore|ARM.Build.0 = Debug|Any CPU
		{605B264D-40C8-4B1C-965F-F821E2959C62}.AppStore|iPhone.ActiveCfg = Debug|Any CPU
		{605B264D-40C8-4B1C-965F-F821E2959C62}.AppStore|iPhone.Build.0 = Debug|Any CPU
		{605B264D-40C8-4B1C-965F-F821E2959C62}.AppStore|iPhoneSimulator.ActiveCfg = Debug|Any CPU
		{605B264D-40C8-4B1C-965F-F821E2959C62}.AppStore|iPhoneSimulator.Build.0 = Debug|Any CPU
		{605B264D-40C8-4B1C-965F-F821E2959C62}.AppStore|x64.ActiveCfg = Debug|Any CPU
		{605B264D-40C8-4B1C-965F-F821E2959C62}.AppStore|x64.Build.0 = Debug|Any CPU
		{605B264D-40C8-4B1C-965F-F821E2959C62}.AppStore|x86.ActiveCfg = Debug|Any CPU
		{605B264D-40C8-4B1C-965F-F821E2959C62}.AppStore|x86.Build.0 = Debug|Any CPU
		{605B264D-40C8-4B1C-965F-F821E2959C62}.Debug|Any CPU.ActiveCfg = Debug|Any CPU
		{605B264D-40C8-4B1C-965F-F821E2959C62}.Debug|Any CPU.Build.0 = Debug|Any CPU
		{605B264D-40C8-4B1C-965F-F821E2959C62}.Debug|ARM.ActiveCfg = Debug|Any CPU
		{605B264D-40C8-4B1C-965F-F821E2959C62}.Debug|ARM.Build.0 = Debug|Any CPU
		{605B264D-40C8-4B1C-965F-F821E2959C62}.Debug|iPhone.ActiveCfg = Debug|Any CPU
		{605B264D-40C8-4B1C-965F-F821E2959C62}.Debug|iPhone.Build.0 = Debug|Any CPU
		{605B264D-40C8-4B1C-965F-F821E2959C62}.Debug|iPhoneSimulator.ActiveCfg = Debug|Any CPU
		{605B264D-40C8-4B1C-965F-F821E2959C62}.Debug|iPhoneSimulator.Build.0 = Debug|Any CPU
		{605B264D-40C8-4B1C-965F-F821E2959C62}.Debug|x64.ActiveCfg = Debug|Any CPU
		{605B264D-40C8-4B1C-965F-F821E2959C62}.Debug|x64.Build.0 = Debug|Any CPU
		{605B264D-40C8-4B1C-965F-F821E2959C62}.Debug|x86.ActiveCfg = Debug|Any CPU
		{605B264D-40C8-4B1C-965F-F821E2959C62}.Debug|x86.Build.0 = Debug|Any CPU
		{605B264D-40C8-4B1C-965F-F821E2959C62}.Release|Any CPU.ActiveCfg = Release|Any CPU
		{605B264D-40C8-4B1C-965F-F821E2959C62}.Release|Any CPU.Build.0 = Release|Any CPU
		{605B264D-40C8-4B1C-965F-F821E2959C62}.Release|ARM.ActiveCfg = Release|Any CPU
		{605B264D-40C8-4B1C-965F-F821E2959C62}.Release|ARM.Build.0 = Release|Any CPU
		{605B264D-40C8-4B1C-965F-F821E2959C62}.Release|iPhone.ActiveCfg = Release|Any CPU
		{605B264D-40C8-4B1C-965F-F821E2959C62}.Release|iPhone.Build.0 = Release|Any CPU
		{605B264D-40C8-4B1C-965F-F821E2959C62}.Release|iPhoneSimulator.ActiveCfg = Release|Any CPU
		{605B264D-40C8-4B1C-965F-F821E2959C62}.Release|iPhoneSimulator.Build.0 = Release|Any CPU
		{605B264D-40C8-4B1C-965F-F821E2959C62}.Release|x64.ActiveCfg = Release|Any CPU
		{605B264D-40C8-4B1C-965F-F821E2959C62}.Release|x64.Build.0 = Release|Any CPU
		{605B264D-40C8-4B1C-965F-F821E2959C62}.Release|x86.ActiveCfg = Release|Any CPU
		{605B264D-40C8-4B1C-965F-F821E2959C62}.Release|x86.Build.0 = Release|Any CPU
	EndGlobalSection
	GlobalSection(SolutionProperties) = preSolution
		HideSolutionNode = FALSE
	EndGlobalSection
	GlobalSection(NestedProjects) = preSolution
		{6CEEFFD5-54D7-44AD-98D9-5C28041CD74D} = {87A86200-7ED0-44D8-BA29-96007BB00943}
		{E7DA0BC6-606B-44A4-92B2-FD15A35FC01A} = {87A86200-7ED0-44D8-BA29-96007BB00943}
		{605B264D-40C8-4B1C-965F-F821E2959C62} = {48D1A25F-CCAE-4082-82B2-2190118A4C2B}
	EndGlobalSection
	GlobalSection(ExtensibilityGlobals) = postSolution
		SolutionGuid = {0E60F14E-88DB-41BE-9B6C-55A1625CC02B}
	EndGlobalSection
EndGlobal
